
Microsoft Visual Studio Solution File, Format Version 12.00
# Visual Studio 14
VisualStudioVersion = 14.0.25420.1
MinimumVisualStudioVersion = 10.0.40219.1
Project("{FAE04EC0-301F-11D3-BF4B-00C04F79EFBC}") = "CRUDWithJSONInWCF", "CRUDWithJSONInWCF\CRUDWithJSONInWCF.csproj", "{A5F6C847-8DC5-4027-BAF1-91AD66C08EA6}"
EndProject
Project("{FAE04EC0-301F-11D3-BF4B-00C04F79EFBC}") = "CRUDWithJSONInWCF_Client", "CRUDWithJSONInWCF_Client\CRUDWithJSONInWCF_Client.csproj", "{AFA4A47C-6DBD-43AB-A987-D9203C8B23D9}"
EndProject
Global
	GlobalSection(SolutionConfigurationPlatforms) = preSolution
		Debug|Any CPU = Debug|Any CPU
		Release|Any CPU = Release|Any CPU
	EndGlobalSection
	GlobalSection(ProjectConfigurationPlatforms) = postSolution
		{A5F6C847-8DC5-4027-BAF1-91AD66C08EA6}.Debug|Any CPU.ActiveCfg = Debug|Any CPU
		{A5F6C847-8DC5-4027-BAF1-91AD66C08EA6}.Debug|Any CPU.Build.0 = Debug|Any CPU
		{A5F6C847-8DC5-4027-BAF1-91AD66C08EA6}.Release|Any CPU.ActiveCfg = Release|Any CPU
		{A5F6C847-8DC5-4027-BAF1-91AD66C08EA6}.Release|Any CPU.Build.0 = Release|Any CPU
		{AFA4A47C-6DBD-43AB-A987-D9203C8B23D9}.Debug|Any CPU.ActiveCfg = Debug|Any CPU
		{AFA4A47C-6DBD-43AB-A987-D9203C8B23D9}.Debug|Any CPU.Build.0 = Debug|Any CPU
		{AFA4A47C-6DBD-43AB-A987-D9203C8B23D9}.Release|Any CPU.ActiveCfg = Release|Any CPU
		{AFA4A47C-6DBD-43AB-A987-D9203C8B23D9}.Release|Any CPU.Build.0 = Release|Any CPU
	EndGlobalSection
	GlobalSection(SolutionProperties) = preSolution
		HideSolutionNode = FALSE
	EndGlobalSection
EndGlobal
